// !$*UTF8*$!
{
	archiveVersion = 1;
	classes = {
	};
	objectVersion = 46;
	objects = {

/* Begin PBXBuildFile section */
		1D3623260D0F684500981E51 /* OnyxiaSoundboardAppDelegate.m in Sources */ = {isa = PBXBuildFile; fileRef = 1D3623250D0F684500981E51 /* OnyxiaSoundboardAppDelegate.m */; };
		1D60589B0D05DD56006BFB54 /* main.m in Sources */ = {isa = PBXBuildFile; fileRef = 29B97316FDCFA39411CA2CEA /* main.m */; };
		1D60589F0D05DD5A006BFB54 /* Foundation.framework in Frameworks */ = {isa = PBXBuildFile; fileRef = 1D30AB110D05D00D00671497 /* Foundation.framework */; };
		1DF5F4E00D08C38300B7A737 /* UIKit.framework in Frameworks */ = {isa = PBXBuildFile; fileRef = 1DF5F4DF0D08C38300B7A737 /* UIKit.framework */; };
		280E754D0DD40C5E005A515E /* FlipsideView.xib in Resources */ = {isa = PBXBuildFile; fileRef = 280E754A0DD40C5E005A515E /* FlipsideView.xib */; };
		280E754E0DD40C5E005A515E /* MainView.xib in Resources */ = {isa = PBXBuildFile; fileRef = 280E754B0DD40C5E005A515E /* MainView.xib */; };
		280E754F0DD40C5E005A515E /* MainWindow.xib in Resources */ = {isa = PBXBuildFile; fileRef = 280E754C0DD40C5E005A515E /* MainWindow.xib */; };
		288765590DF743DE002DB57D /* CoreGraphics.framework in Frameworks */ = {isa = PBXBuildFile; fileRef = 288765580DF743DE002DB57D /* CoreGraphics.framework */; };
		289233AE0DB2D0DB0083E9F9 /* MainViewController.m in Sources */ = {isa = PBXBuildFile; fileRef = 289233A90DB2D0DB0083E9F9 /* MainViewController.m */; };
		289233B00DB2D0DB0083E9F9 /* FlipsideViewController.m in Sources */ = {isa = PBXBuildFile; fileRef = 289233AD0DB2D0DB0083E9F9 /* FlipsideViewController.m */; };
		925B41D4112523FC009FD74B /* dist.plist in Resources */ = {isa = PBXBuildFile; fileRef = 925B41D3112523FC009FD74B /* dist.plist */; };
		925CB8C11124020000D91F20 /* ony_50_dkp.m4a in Resources */ = {isa = PBXBuildFile; fileRef = 925CB8C01124020000D91F20 /* ony_50_dkp.m4a */; };
		925CB9081124084100D91F20 /* AudioToolbox.framework in Frameworks */ = {isa = PBXBuildFile; fileRef = 925CB9071124084100D91F20 /* AudioToolbox.framework */; };
		925CB9101124085700D91F20 /* AVFoundation.framework in Frameworks */ = {isa = PBXBuildFile; fileRef = 925CB90F1124085700D91F20 /* AVFoundation.framework */; };
		925CB94111240E6900D91F20 /* ony_1357_left_2468_right.m4a in Resources */ = {isa = PBXBuildFile; fileRef = 925CB94011240E6900D91F20 /* ony_1357_left_2468_right.m4a */; };
		925CB9621124103E00D91F20 /* ony_7_8_whelp_groups.m4a in Resources */ = {isa = PBXBuildFile; fileRef = 925CB9611124103E00D91F20 /* ony_7_8_whelp_groups.m4a */; };
		925CB9761124105000D91F20 /* ony_50_dkp_minus.m4a in Resources */ = {isa = PBXBuildFile; fileRef = 925CB9631124105000D91F20 /* ony_50_dkp_minus.m4a */; };
		925CB9771124105000D91F20 /* ony_do_not_stand_next_....m4a in Resources */ = {isa = PBXBuildFile; fileRef = 925CB9641124105000D91F20 /* ony_do_not_stand_next_....m4a */; };
		925CB9781124105000D91F20 /* ony_go_away.m4a in Resources */ = {isa = PBXBuildFile; fileRef = 925CB9651124105000D91F20 /* ony_go_away.m4a */; };
		925CB9791124105000D91F20 /* ony_going_to_dps.m4a in Resources */ = {isa = PBXBuildFile; fileRef = 925CB9661124105000D91F20 /* ony_going_to_dps.m4a */; };
		925CB97A1124105000D91F20 /* ony_hit_it_like_you_mean_it.m4a in Resources */ = {isa = PBXBuildFile; fileRef = 925CB9671124105000D91F20 /* ony_hit_it_like_you_mean_it.m4a */; };
		925CB97B1124105000D91F20 /* ony_hit_it_very_hard_fast.m4a in Resources */ = {isa = PBXBuildFile; fileRef = 925CB9681124105000D91F20 /* ony_hit_it_very_hard_fast.m4a */; };
		925CB97C1124105000D91F20 /* ony_if_agro_lose_50dkp.m4a in Resources */ = {isa = PBXBuildFile; fileRef = 925CB9691124105000D91F20 /* ony_if_agro_lose_50dkp.m4a */; };
		925CB97D1124105000D91F20 /* ony_if_whelps_lose_50dkp.m4a in Resources */ = {isa = PBXBuildFile; fileRef = 925CB96A1124105000D91F20 /* ony_if_whelps_lose_50dkp.m4a */; };
		925CB97E1124105000D91F20 /* ony_more_dots_more_dots.m4a in Resources */ = {isa = PBXBuildFile; fileRef = 925CB96B1124105000D91F20 /* ony_more_dots_more_dots.m4a */; };
		925CB97F1124105000D91F20 /* ony_more_dots_now.m4a in Resources */ = {isa = PBXBuildFile; fileRef = 925CB96C1124105000D91F20 /* ony_more_dots_now.m4a */; };
		925CB9801124105000D91F20 /* ony_now_handle_it.m4a in Resources */ = {isa = PBXBuildFile; fileRef = 925CB96D1124105000D91F20 /* ony_now_handle_it.m4a */; };
		925CB9811124105000D91F20 /* ony_odd_even_groups.m4a in Resources */ = {isa = PBXBuildFile; fileRef = 925CB96E1124105000D91F20 /* ony_odd_even_groups.m4a */; };
		925CB9821124105000D91F20 /* ony_one_in_a_million....m4a in Resources */ = {isa = PBXBuildFile; fileRef = 925CB96F1124105000D91F20 /* ony_one_in_a_million....m4a */; };
		925CB9831124105000D91F20 /* ony_remotely_imaginable.m4a in Resources */ = {isa = PBXBuildFile; fileRef = 925CB9701124105000D91F20 /* ony_remotely_imaginable.m4a */; };
		925CB9841124105000D91F20 /* ony_stand_in_right_place.m4a in Resources */ = {isa = PBXBuildFile; fileRef = 925CB9711124105000D91F20 /* ony_stand_in_right_place.m4a */; };
		925CB9851124105000D91F20 /* ony_stop_dots.m4a in Resources */ = {isa = PBXBuildFile; fileRef = 925CB9721124105000D91F20 /* ony_stop_dots.m4a */; };
		925CB9861124105000D91F20 /* ony_very_very_slowly.m4a in Resources */ = {isa = PBXBuildFile; fileRef = 925CB9731124105000D91F20 /* ony_very_very_slowly.m4a */; };
		925CB9871124105000D91F20 /* ony_watch_the_cave.m4a in Resources */ = {isa = PBXBuildFile; fileRef = 925CB9741124105000D91F20 /* ony_watch_the_cave.m4a */; };
		925CB9881124105000D91F20 /* ony_whelps.m4a in Resources */ = {isa = PBXBuildFile; fileRef = 925CB9751124105000D91F20 /* ony_whelps.m4a */; };
		925CB9B81124155400D91F20 /* onyxia.jpg in Resources */ = {isa = PBXBuildFile; fileRef = 925CB9B71124155400D91F20 /* onyxia.jpg */; };
/* End PBXBuildFile section */

/* Begin PBXFileReference section */
		1D30AB110D05D00D00671497 /* Foundation.framework */ = {isa = PBXFileReference; lastKnownFileType = wrapper.framework; name = Foundation.framework; path = System/Library/Frameworks/Foundation.framework; sourceTree = SDKROOT; };
		1D3623240D0F684500981E51 /* OnyxiaSoundboardAppDelegate.h */ = {isa = PBXFileReference; fileEncoding = 4; lastKnownFileType = sourcecode.c.h; path = OnyxiaSoundboardAppDelegate.h; sourceTree = "<group>"; };
		1D3623250D0F684500981E51 /* OnyxiaSoundboardAppDelegate.m */ = {isa = PBXFileReference; fileEncoding = 4; lastKnownFileType = sourcecode.c.objc; path = OnyxiaSoundboardAppDelegate.m; sourceTree = "<group>"; };
		1D6058910D05DD3D006BFB54 /* OnyxiaSoundboard.app */ = {isa = PBXFileReference; explicitFileType = wrapper.application; includeInIndex = 0; path = OnyxiaSoundboard.app; sourceTree = BUILT_PRODUCTS_DIR; };
		1DF5F4DF0D08C38300B7A737 /* UIKit.framework */ = {isa = PBXFileReference; lastKnownFileType = wrapper.framework; name = UIKit.framework; path = System/Library/Frameworks/UIKit.framework; sourceTree = SDKROOT; };
		280E754A0DD40C5E005A515E /* FlipsideView.xib */ = {isa = PBXFileReference; lastKnownFileType = file.xib; path = FlipsideView.xib; sourceTree = "<group>"; };
		280E754B0DD40C5E005A515E /* MainView.xib */ = {isa = PBXFileReference; lastKnownFileType = file.xib; path = MainView.xib; sourceTree = "<group>"; };
		280E754C0DD40C5E005A515E /* MainWindow.xib */ = {isa = PBXFileReference; lastKnownFileType = file.xib; path = MainWindow.xib; sourceTree = "<group>"; };
		288765580DF743DE002DB57D /* CoreGraphics.framework */ = {isa = PBXFileReference; lastKnownFileType = wrapper.framework; name = CoreGraphics.framework; path = System/Library/Frameworks/CoreGraphics.framework; sourceTree = SDKROOT; };
		289233A80DB2D0DB0083E9F9 /* MainViewController.h */ = {isa = PBXFileReference; fileEncoding = 4; lastKnownFileType = sourcecode.c.h; name = MainViewController.h; path = Classes/MainViewController.h; sourceTree = "<group>"; };
		289233A90DB2D0DB0083E9F9 /* MainViewController.m */ = {isa = PBXFileReference; fileEncoding = 4; lastKnownFileType = sourcecode.c.objc; name = MainViewController.m; path = Classes/MainViewController.m; sourceTree = "<group>"; };
		289233AC0DB2D0DB0083E9F9 /* FlipsideViewController.h */ = {isa = PBXFileReference; fileEncoding = 4; lastKnownFileType = sourcecode.c.h; name = FlipsideViewController.h; path = Classes/FlipsideViewController.h; sourceTree = "<group>"; };
		289233AD0DB2D0DB0083E9F9 /* FlipsideViewController.m */ = {isa = PBXFileReference; fileEncoding = 4; lastKnownFileType = sourcecode.c.objc; name = FlipsideViewController.m; path = Classes/FlipsideViewController.m; sourceTree = "<group>"; };
		29B97316FDCFA39411CA2CEA /* main.m */ = {isa = PBXFileReference; fileEncoding = 4; lastKnownFileType = sourcecode.c.objc; path = main.m; sourceTree = "<group>"; };
		32CA4F630368D1EE00C91783 /* OnyxiaSoundboard_Prefix.pch */ = {isa = PBXFileReference; fileEncoding = 4; lastKnownFileType = sourcecode.c.h; path = OnyxiaSoundboard_Prefix.pch; sourceTree = "<group>"; };
		8D1107310486CEB800E47090 /* OnyxiaSoundboard-Info.plist */ = {isa = PBXFileReference; fileEncoding = 4; lastKnownFileType = text.plist.xml; path = "OnyxiaSoundboard-Info.plist"; plistStructureDefinitionIdentifier = "com.apple.xcode.plist.structure-definition.iphone.info-plist"; sourceTree = "<group>"; };
		925B41D3112523FC009FD74B /* dist.plist */ = {isa = PBXFileReference; fileEncoding = 4; lastKnownFileType = text.plist.xml; path = dist.plist; sourceTree = "<group>"; };
		925CB8C01124020000D91F20 /* ony_50_dkp.m4a */ = {isa = PBXFileReference; lastKnownFileType = file; path = ony_50_dkp.m4a; sourceTree = "<group>"; };
		925CB9071124084100D91F20 /* AudioToolbox.framework */ = {isa = PBXFileReference; lastKnownFileType = wrapper.framework; name = AudioToolbox.framework; path = System/Library/Frameworks/AudioToolbox.framework; sourceTree = SDKROOT; };
		925CB90F1124085700D91F20 /* AVFoundation.framework */ = {isa = PBXFileReference; lastKnownFileType = wrapper.framework; name = AVFoundation.framework; path = System/Library/Frameworks/AVFoundation.framework; sourceTree = SDKROOT; };
		925CB94011240E6900D91F20 /* ony_1357_left_2468_right.m4a */ = {isa = PBXFileReference; lastKnownFileType = file; path = ony_1357_left_2468_right.m4a; sourceTree = "<group>"; };
		925CB9611124103E00D91F20 /* ony_7_8_whelp_groups.m4a */ = {isa = PBXFileReference; lastKnownFileType = file; path = ony_7_8_whelp_groups.m4a; sourceTree = "<group>"; };
		925CB9631124105000D91F20 /* ony_50_dkp_minus.m4a */ = {isa = PBXFileReference; lastKnownFileType = file; path = ony_50_dkp_minus.m4a; sourceTree = "<group>"; };
		925CB9641124105000D91F20 /* ony_do_not_stand_next_....m4a */ = {isa = PBXFileReference; lastKnownFileType = file; path = ony_do_not_stand_next_....m4a; sourceTree = "<group>"; };
		925CB9651124105000D91F20 /* ony_go_away.m4a */ = {isa = PBXFileReference; lastKnownFileType = file; path = ony_go_away.m4a; sourceTree = "<group>"; };
		925CB9661124105000D91F20 /* ony_going_to_dps.m4a */ = {isa = PBXFileReference; lastKnownFileType = file; path = ony_going_to_dps.m4a; sourceTree = "<group>"; };
		925CB9671124105000D91F20 /* ony_hit_it_like_you_mean_it.m4a */ = {isa = PBXFileReference; lastKnownFileType = file; path = ony_hit_it_like_you_mean_it.m4a; sourceTree = "<group>"; };
		925CB9681124105000D91F20 /* ony_hit_it_very_hard_fast.m4a */ = {isa = PBXFileReference; lastKnownFileType = file; path = ony_hit_it_very_hard_fast.m4a; sourceTree = "<group>"; };
		925CB9691124105000D91F20 /* ony_if_agro_lose_50dkp.m4a */ = {isa = PBXFileReference; lastKnownFileType = file; path = ony_if_agro_lose_50dkp.m4a; sourceTree = "<group>"; };
		925CB96A1124105000D91F20 /* ony_if_whelps_lose_50dkp.m4a */ = {isa = PBXFileReference; lastKnownFileType = file; path = ony_if_whelps_lose_50dkp.m4a; sourceTree = "<group>"; };
		925CB96B1124105000D91F20 /* ony_more_dots_more_dots.m4a */ = {isa = PBXFileReference; lastKnownFileType = file; path = ony_more_dots_more_dots.m4a; sourceTree = "<group>"; };
		925CB96C1124105000D91F20 /* ony_more_dots_now.m4a */ = {isa = PBXFileReference; lastKnownFileType = file; path = ony_more_dots_now.m4a; sourceTree = "<group>"; };
		925CB96D1124105000D91F20 /* ony_now_handle_it.m4a */ = {isa = PBXFileReference; lastKnownFileType = file; path = ony_now_handle_it.m4a; sourceTree = "<group>"; };
		925CB96E1124105000D91F20 /* ony_odd_even_groups.m4a */ = {isa = PBXFileReference; lastKnownFileType = file; path = ony_odd_even_groups.m4a; sourceTree = "<group>"; };
		925CB96F1124105000D91F20 /* ony_one_in_a_million....m4a */ = {isa = PBXFileReference; lastKnownFileType = file; path = ony_one_in_a_million....m4a; sourceTree = "<group>"; };
		925CB9701124105000D91F20 /* ony_remotely_imaginable.m4a */ = {isa = PBXFileReference; lastKnownFileType = file; path = ony_remotely_imaginable.m4a; sourceTree = "<group>"; };
		925CB9711124105000D91F20 /* ony_stand_in_right_place.m4a */ = {isa = PBXFileReference; lastKnownFileType = file; path = ony_stand_in_right_place.m4a; sourceTree = "<group>"; };
		925CB9721124105000D91F20 /* ony_stop_dots.m4a */ = {isa = PBXFileReference; lastKnownFileType = file; path = ony_stop_dots.m4a; sourceTree = "<group>"; };
		925CB9731124105000D91F20 /* ony_very_very_slowly.m4a */ = {isa = PBXFileReference; lastKnownFileType = file; path = ony_very_very_slowly.m4a; sourceTree = "<group>"; };
		925CB9741124105000D91F20 /* ony_watch_the_cave.m4a */ = {isa = PBXFileReference; lastKnownFileType = file; path = ony_watch_the_cave.m4a; sourceTree = "<group>"; };
		925CB9751124105000D91F20 /* ony_whelps.m4a */ = {isa = PBXFileReference; lastKnownFileType = file; path = ony_whelps.m4a; sourceTree = "<group>"; };
		925CB9B71124155400D91F20 /* onyxia.jpg */ = {isa = PBXFileReference; lastKnownFileType = image.jpeg; path = onyxia.jpg; sourceTree = "<group>"; };
/* End PBXFileReference section */

/* Begin PBXFrameworksBuildPhase section */
		1D60588F0D05DD3D006BFB54 /* Frameworks */ = {
			isa = PBXFrameworksBuildPhase;
			buildActionMask = 2147483647;
			files = (
				1D60589F0D05DD5A006BFB54 /* Foundation.framework in Frameworks */,
				1DF5F4E00D08C38300B7A737 /* UIKit.framework in Frameworks */,
				288765590DF743DE002DB57D /* CoreGraphics.framework in Frameworks */,
				925CB9081124084100D91F20 /* AudioToolbox.framework in Frameworks */,
				925CB9101124085700D91F20 /* AVFoundation.framework in Frameworks */,
			);
			runOnlyForDeploymentPostprocessing = 0;
		};
/* End PBXFrameworksBuildPhase section */

/* Begin PBXGroup section */
		080E96DDFE201D6D7F000001 /* Application Delegate */ = {
			isa = PBXGroup;
			children = (
				1D3623240D0F684500981E51 /* OnyxiaSoundboardAppDelegate.h */,
				1D3623250D0F684500981E51 /* OnyxiaSoundboardAppDelegate.m */,
			);
			name = "Application Delegate";
			path = Classes;
			sourceTree = "<group>";
		};
		19C28FACFE9D520D11CA2CBB /* Products */ = {
			isa = PBXGroup;
			children = (
				1D6058910D05DD3D006BFB54 /* OnyxiaSoundboard.app */,
			);
			name = Products;
			sourceTree = "<group>";
		};
		281C6CD70DB2D82200F60ACC /* Flipside View */ = {
			isa = PBXGroup;
			children = (
				289233AC0DB2D0DB0083E9F9 /* FlipsideViewController.h */,
				289233AD0DB2D0DB0083E9F9 /* FlipsideViewController.m */,
			);
			name = "Flipside View";
			sourceTree = "<group>";
		};
		289233A00DB2D0730083E9F9 /* Main View */ = {
			isa = PBXGroup;
			children = (
				289233A80DB2D0DB0083E9F9 /* MainViewController.h */,
				289233A90DB2D0DB0083E9F9 /* MainViewController.m */,
			);
			name = "Main View";
			sourceTree = "<group>";
		};
		29B97314FDCFA39411CA2CEA /* CustomTemplate */ = {
			isa = PBXGroup;
			children = (
				289233A00DB2D0730083E9F9 /* Main View */,
				281C6CD70DB2D82200F60ACC /* Flipside View */,
				080E96DDFE201D6D7F000001 /* Application Delegate */,
				29B97315FDCFA39411CA2CEA /* Other Sources */,
				29B97317FDCFA39411CA2CEA /* Resources-iPhone */,
				29B97323FDCFA39411CA2CEA /* Frameworks */,
				19C28FACFE9D520D11CA2CBB /* Products */,
				925B41D3112523FC009FD74B /* dist.plist */,
			);
			name = CustomTemplate;
			sourceTree = "<group>";
		};
		29B97315FDCFA39411CA2CEA /* Other Sources */ = {
			isa = PBXGroup;
			children = (
				32CA4F630368D1EE00C91783 /* OnyxiaSoundboard_Prefix.pch */,
				29B97316FDCFA39411CA2CEA /* main.m */,
			);
			name = "Other Sources";
			sourceTree = "<group>";
		};
		29B97317FDCFA39411CA2CEA /* Resources-iPhone */ = {
			isa = PBXGroup;
			children = (
				925CB9B71124155400D91F20 /* onyxia.jpg */,
				925CB8BF112401E900D91F20 /* audio */,
				280E754A0DD40C5E005A515E /* FlipsideView.xib */,
				280E754B0DD40C5E005A515E /* MainView.xib */,
				280E754C0DD40C5E005A515E /* MainWindow.xib */,
				8D1107310486CEB800E47090 /* OnyxiaSoundboard-Info.plist */,
			);
			name = "Resources-iPhone";
			sourceTree = "<group>";
		};
		29B97323FDCFA39411CA2CEA /* Frameworks */ = {
			isa = PBXGroup;
			children = (
				1DF5F4DF0D08C38300B7A737 /* UIKit.framework */,
				1D30AB110D05D00D00671497 /* Foundation.framework */,
				288765580DF743DE002DB57D /* CoreGraphics.framework */,
				925CB9071124084100D91F20 /* AudioToolbox.framework */,
				925CB90F1124085700D91F20 /* AVFoundation.framework */,
			);
			name = Frameworks;
			sourceTree = "<group>";
		};
		925CB8BF112401E900D91F20 /* audio */ = {
			isa = PBXGroup;
			children = (
				925CB9631124105000D91F20 /* ony_50_dkp_minus.m4a */,
				925CB9641124105000D91F20 /* ony_do_not_stand_next_....m4a */,
				925CB9651124105000D91F20 /* ony_go_away.m4a */,
				925CB9661124105000D91F20 /* ony_going_to_dps.m4a */,
				925CB9671124105000D91F20 /* ony_hit_it_like_you_mean_it.m4a */,
				925CB9681124105000D91F20 /* ony_hit_it_very_hard_fast.m4a */,
				925CB9691124105000D91F20 /* ony_if_agro_lose_50dkp.m4a */,
				925CB96A1124105000D91F20 /* ony_if_whelps_lose_50dkp.m4a */,
				925CB96B1124105000D91F20 /* ony_more_dots_more_dots.m4a */,
				925CB96C1124105000D91F20 /* ony_more_dots_now.m4a */,
				925CB96D1124105000D91F20 /* ony_now_handle_it.m4a */,
				925CB96E1124105000D91F20 /* ony_odd_even_groups.m4a */,
				925CB96F1124105000D91F20 /* ony_one_in_a_million....m4a */,
				925CB9701124105000D91F20 /* ony_remotely_imaginable.m4a */,
				925CB9711124105000D91F20 /* ony_stand_in_right_place.m4a */,
				925CB9721124105000D91F20 /* ony_stop_dots.m4a */,
				925CB9731124105000D91F20 /* ony_very_very_slowly.m4a */,
				925CB9741124105000D91F20 /* ony_watch_the_cave.m4a */,
				925CB9751124105000D91F20 /* ony_whelps.m4a */,
				925CB9611124103E00D91F20 /* ony_7_8_whelp_groups.m4a */,
				925CB94011240E6900D91F20 /* ony_1357_left_2468_right.m4a */,
				925CB8C01124020000D91F20 /* ony_50_dkp.m4a */,
			);
			name = audio;
			sourceTree = "<group>";
		};
/* End PBXGroup section */

/* Begin PBXNativeTarget section */
		1D6058900D05DD3D006BFB54 /* OnyxiaSoundboard */ = {
			isa = PBXNativeTarget;
			buildConfigurationList = 1D6058960D05DD3E006BFB54 /* Build configuration list for PBXNativeTarget "OnyxiaSoundboard" */;
			buildPhases = (
				1D60588D0D05DD3D006BFB54 /* Resources */,
				1D60588E0D05DD3D006BFB54 /* Sources */,
				1D60588F0D05DD3D006BFB54 /* Frameworks */,
			);
			buildRules = (
			);
			dependencies = (
			);
			name = OnyxiaSoundboard;
			productName = OnyxiaSoundboard;
			productReference = 1D6058910D05DD3D006BFB54 /* OnyxiaSoundboard.app */;
			productType = "com.apple.product-type.application";
		};
/* End PBXNativeTarget section */

/* Begin PBXProject section */
		29B97313FDCFA39411CA2CEA /* Project object */ = {
			isa = PBXProject;
			buildConfigurationList = C01FCF4E08A954540054247B /* Build configuration list for PBXProject "OnyxiaSoundboard" */;
			compatibilityVersion = "Xcode 3.2";
			hasScannedForEncodings = 1;
			knownRegions = (
				English,
				Japanese,
				French,
				German,
				en,
			);
			mainGroup = 29B97314FDCFA39411CA2CEA /* CustomTemplate */;
			projectDirPath = "";
			projectRoot = "";
			targets = (
				1D6058900D05DD3D006BFB54 /* OnyxiaSoundboard */,
			);
		};
/* End PBXProject section */

/* Begin PBXResourcesBuildPhase section */
		1D60588D0D05DD3D006BFB54 /* Resources */ = {
			isa = PBXResourcesBuildPhase;
			buildActionMask = 2147483647;
			files = (
				280E754D0DD40C5E005A515E /* FlipsideView.xib in Resources */,
				280E754E0DD40C5E005A515E /* MainView.xib in Resources */,
				280E754F0DD40C5E005A515E /* MainWindow.xib in Resources */,
				925CB8C11124020000D91F20 /* ony_50_dkp.m4a in Resources */,
				925CB94111240E6900D91F20 /* ony_1357_left_2468_right.m4a in Resources */,
				925CB9621124103E00D91F20 /* ony_7_8_whelp_groups.m4a in Resources */,
				925CB9761124105000D91F20 /* ony_50_dkp_minus.m4a in Resources */,
				925CB9771124105000D91F20 /* ony_do_not_stand_next_....m4a in Resources */,
				925CB9781124105000D91F20 /* ony_go_away.m4a in Resources */,
				925CB9791124105000D91F20 /* ony_going_to_dps.m4a in Resources */,
				925CB97A1124105000D91F20 /* ony_hit_it_like_you_mean_it.m4a in Resources */,
				925CB97B1124105000D91F20 /* ony_hit_it_very_hard_fast.m4a in Resources */,
				925CB97C1124105000D91F20 /* ony_if_agro_lose_50dkp.m4a in Resources */,
				925CB97D1124105000D91F20 /* ony_if_whelps_lose_50dkp.m4a in Resources */,
				925CB97E1124105000D91F20 /* ony_more_dots_more_dots.m4a in Resources */,
				925CB97F1124105000D91F20 /* ony_more_dots_now.m4a in Resources */,
				925CB9801124105000D91F20 /* ony_now_handle_it.m4a in Resources */,
				925CB9811124105000D91F20 /* ony_odd_even_groups.m4a in Resources */,
				925CB9821124105000D91F20 /* ony_one_in_a_million....m4a in Resources */,
				925CB9831124105000D91F20 /* ony_remotely_imaginable.m4a in Resources */,
				925CB9841124105000D91F20 /* ony_stand_in_right_place.m4a in Resources */,
				925CB9851124105000D91F20 /* ony_stop_dots.m4a in Resources */,
				925CB9861124105000D91F20 /* ony_very_very_slowly.m4a in Resources */,
				925CB9871124105000D91F20 /* ony_watch_the_cave.m4a in Resources */,
				925CB9881124105000D91F20 /* ony_whelps.m4a in Resources */,
				925CB9B81124155400D91F20 /* onyxia.jpg in Resources */,
				925B41D4112523FC009FD74B /* dist.plist in Resources */,
			);
			runOnlyForDeploymentPostprocessing = 0;
		};
/* End PBXResourcesBuildPhase section */

/* Begin PBXSourcesBuildPhase section */
		1D60588E0D05DD3D006BFB54 /* Sources */ = {
			isa = PBXSourcesBuildPhase;
			buildActionMask = 2147483647;
			files = (
				1D60589B0D05DD56006BFB54 /* main.m in Sources */,
				1D3623260D0F684500981E51 /* OnyxiaSoundboardAppDelegate.m in Sources */,
				289233AE0DB2D0DB0083E9F9 /* MainViewController.m in Sources */,
				289233B00DB2D0DB0083E9F9 /* FlipsideViewController.m in Sources */,
			);
			runOnlyForDeploymentPostprocessing = 0;
		};
/* End PBXSourcesBuildPhase section */

/* Begin XCBuildConfiguration section */
		1D6058940D05DD3E006BFB54 /* Debug */ = {
			isa = XCBuildConfiguration;
			buildSettings = {
				ALWAYS_SEARCH_USER_PATHS = NO;
				COPY_PHASE_STRIP = NO;
				GCC_DYNAMIC_NO_PIC = NO;
				GCC_OPTIMIZATION_LEVEL = 0;
				GCC_PRECOMPILE_PREFIX_HEADER = YES;
				GCC_PREFIX_HEADER = OnyxiaSoundboard_Prefix.pch;
				INFOPLIST_FILE = "OnyxiaSoundboard-Info.plist";
				PRODUCT_NAME = OnyxiaSoundboard;
			};
			name = Debug;
		};
		1D6058950D05DD3E006BFB54 /* Release */ = {
			isa = XCBuildConfiguration;
			buildSettings = {
				ALWAYS_SEARCH_USER_PATHS = NO;
				COPY_PHASE_STRIP = YES;
				GCC_PRECOMPILE_PREFIX_HEADER = YES;
				GCC_PREFIX_HEADER = OnyxiaSoundboard_Prefix.pch;
				INFOPLIST_FILE = "OnyxiaSoundboard-Info.plist";
				PRODUCT_NAME = OnyxiaSoundboard;
				VALIDATE_PRODUCT = YES;
			};
			name = Release;
		};
		C01FCF4F08A954540054247B /* Debug */ = {
			isa = XCBuildConfiguration;
			buildSettings = {
				ARCHS = "$(ARCHS_STANDARD_32_BIT)";
				"CODE_SIGN_IDENTITY[sdk=iphoneos*]" = "iPhone Developer";
				GCC_C_LANGUAGE_STANDARD = c99;
				GCC_WARN_ABOUT_RETURN_TYPE = YES;
				GCC_WARN_UNUSED_VARIABLE = YES;
				IPHONEOS_DEPLOYMENT_TARGET = 3.1.3;
				PREBINDING = NO;
				SDKROOT = iphoneos3.1.2;
				TARGETED_DEVICE_FAMILY = 1;
			};
			name = Debug;
		};
		C01FCF5008A954540054247B /* Release */ = {
			isa = XCBuildConfiguration;
			buildSettings = {
				ARCHS = "$(ARCHS_STANDARD_32_BIT)";
				CODE_SIGN_ENTITLEMENTS = dist.plist;
				CODE_SIGN_IDENTITY = "iPhone Distribution";
				"CODE_SIGN_IDENTITY[sdk=iphoneos*]" = "iPhone Developer";
				GCC_C_LANGUAGE_STANDARD = c99;
				GCC_WARN_ABOUT_RETURN_TYPE = YES;
				GCC_WARN_UNUSED_VARIABLE = YES;
				PREBINDING = NO;
				PROVISIONING_PROFILE = "";
				SDKROOT = iphoneos3.1.2;
			};
			name = Release;
		};
/* End XCBuildConfiguration section */

/* Begin XCConfigurationList section */
		1D6058960D05DD3E006BFB54 /* Build configuration list for PBXNativeTarget "OnyxiaSoundboard" */ = {
			isa = XCConfigurationList;
			buildConfigurations = (
				1D6058940D05DD3E006BFB54 /* Debug */,
				1D6058950D05DD3E006BFB54 /* Release */,
			);
			defaultConfigurationIsVisible = 0;
			defaultConfigurationName = Release;
		};
		C01FCF4E08A954540054247B /* Build configuration list for PBXProject "OnyxiaSoundboard" */ = {
			isa = XCConfigurationList;
			buildConfigurations = (
				C01FCF4F08A954540054247B /* Debug */,
				C01FCF5008A954540054247B /* Release */,
			);
			defaultConfigurationIsVisible = 0;
			defaultConfigurationName = Release;
		};
/* End XCConfigurationList section */
	};
	rootObject = 29B97313FDCFA39411CA2CEA /* Project object */;
}
